
Microsoft Visual Studio Solution File, Format Version 12.00
# Visual Studio 15
VisualStudioVersion = 15.0.28010.2050
MinimumVisualStudioVersion = 10.0.40219.1
Project("{9A19103F-16F7-4668-BE54-9A1E7A4F7556}") = "ConsecutiveNumberAlgorithm", "ConsecutiveNumberAlgorithm\ConsecutiveNumberAlgorithm.csproj", "{176FDDC0-992A-46F7-86D9-7953E4A1615D}"
EndProject
Global
	GlobalSection(SolutionConfigurationPlatforms) = preSolution
		Debug|Any CPU = Debug|Any CPU
		Release|Any CPU = Release|Any CPU
	EndGlobalSection
	GlobalSection(ProjectConfigurationPlatforms) = postSolution
		{176FDDC0-992A-46F7-86D9-7953E4A1615D}.Debug|Any CPU.ActiveCfg = Debug|Any CPU
		{176FDDC0-992A-46F7-86D9-7953E4A1615D}.Debug|Any CPU.Build.0 = Debug|Any CPU
		{176FDDC0-992A-46F7-86D9-7953E4A1615D}.Release|Any CPU.ActiveCfg = Release|Any CPU
		{176FDDC0-992A-46F7-86D9-7953E4A1615D}.Release|Any CPU.Build.0 = Release|Any CPU
	EndGlobalSection
	GlobalSection(SolutionProperties) = preSolution
		HideSolutionNode = FALSE
	EndGlobalSection
	GlobalSection(ExtensibilityGlobals) = postSolution
		SolutionGuid = {C189ADE8-8E56-44EC-B4C3-4F9A81C81602}
	EndGlobalSection
EndGlobal
